
Microsoft Visual Studio Solution File, Format Version 12.00
# Visual Studio 15
VisualStudioVersion = 15.0.26430.14
MinimumVisualStudioVersion = 10.0.40219.1
Project("{9A19103F-16F7-4668-BE54-9A1E7A4F7556}") = "geschikt.Standard", "geschikt.Standard\geschikt.Standard.csproj", "{8FEEBFCC-645A-4DE3-A072-8847F244AAE9}"
EndProject
Project("{FAE04EC0-301F-11D3-BF4B-00C04F79EFBC}") = "Tests.net45", "Tests.net45\Tests.net45.csproj", "{8EDF4429-251A-416D-BB68-93F227191BCF}"
EndProject
Project("{FAE04EC0-301F-11D3-BF4B-00C04F79EFBC}") = "Tests", "Tests\Tests.csproj", "{5DE33AA7-F517-4E45-A1FD-B689283060FD}"
EndProject
Project("{FAE04EC0-301F-11D3-BF4B-00C04F79EFBC}") = "stats", "stats\stats.csproj", "{0199F739-2FAF-4A19-BA63-B96351E7B700}"
EndProject
Project("{FAE04EC0-301F-11D3-BF4B-00C04F79EFBC}") = "geschikt", "geschikt\geschikt.csproj", "{62539BAF-A499-4B77-B069-D93F7321D3B3}"
EndProject
Project("{FAE04EC0-301F-11D3-BF4B-00C04F79EFBC}") = "Tests.Core", "Tests.Core\Tests.Core.csproj", "{04B60773-4816-4B24-A1BC-E8909ABEB7BD}"
EndProject
Global
	GlobalSection(SolutionConfigurationPlatforms) = preSolution
		Debug|Any CPU = Debug|Any CPU
		Debug|x86 = Debug|x86
		Release|Any CPU = Release|Any CPU
		Release|x86 = Release|x86
	EndGlobalSection
	GlobalSection(ProjectConfigurationPlatforms) = postSolution
		{8FEEBFCC-645A-4DE3-A072-8847F244AAE9}.Debug|Any CPU.ActiveCfg = Debug|Any CPU
		{8FEEBFCC-645A-4DE3-A072-8847F244AAE9}.Debug|Any CPU.Build.0 = Debug|Any CPU
		{8FEEBFCC-645A-4DE3-A072-8847F244AAE9}.Debug|x86.ActiveCfg = Debug|Any CPU
		{8FEEBFCC-645A-4DE3-A072-8847F244AAE9}.Debug|x86.Build.0 = Debug|Any CPU
		{8FEEBFCC-645A-4DE3-A072-8847F244AAE9}.Release|Any CPU.ActiveCfg = Release|Any CPU
		{8FEEBFCC-645A-4DE3-A072-8847F244AAE9}.Release|Any CPU.Build.0 = Release|Any CPU
		{8FEEBFCC-645A-4DE3-A072-8847F244AAE9}.Release|x86.ActiveCfg = Release|Any CPU
		{8FEEBFCC-645A-4DE3-A072-8847F244AAE9}.Release|x86.Build.0 = Release|Any CPU
		{8EDF4429-251A-416D-BB68-93F227191BCF}.Debug|Any CPU.ActiveCfg = Debug|Any CPU
		{8EDF4429-251A-416D-BB68-93F227191BCF}.Debug|Any CPU.Build.0 = Debug|Any CPU
		{8EDF4429-251A-416D-BB68-93F227191BCF}.Debug|x86.ActiveCfg = Debug|Any CPU
		{8EDF4429-251A-416D-BB68-93F227191BCF}.Debug|x86.Build.0 = Debug|Any CPU
		{8EDF4429-251A-416D-BB68-93F227191BCF}.Release|Any CPU.ActiveCfg = Release|Any CPU
		{8EDF4429-251A-416D-BB68-93F227191BCF}.Release|Any CPU.Build.0 = Release|Any CPU
		{8EDF4429-251A-416D-BB68-93F227191BCF}.Release|x86.ActiveCfg = Release|Any CPU
		{8EDF4429-251A-416D-BB68-93F227191BCF}.Release|x86.Build.0 = Release|Any CPU
		{5DE33AA7-F517-4E45-A1FD-B689283060FD}.Debug|Any CPU.ActiveCfg = Debug|Any CPU
		{5DE33AA7-F517-4E45-A1FD-B689283060FD}.Debug|Any CPU.Build.0 = Debug|Any CPU
		{5DE33AA7-F517-4E45-A1FD-B689283060FD}.Debug|x86.ActiveCfg = Debug|Any CPU
		{5DE33AA7-F517-4E45-A1FD-B689283060FD}.Debug|x86.Build.0 = Debug|Any CPU
		{5DE33AA7-F517-4E45-A1FD-B689283060FD}.Release|Any CPU.ActiveCfg = Release|Any CPU
		{5DE33AA7-F517-4E45-A1FD-B689283060FD}.Release|Any CPU.Build.0 = Release|Any CPU
		{5DE33AA7-F517-4E45-A1FD-B689283060FD}.Release|x86.ActiveCfg = Release|Any CPU
		{5DE33AA7-F517-4E45-A1FD-B689283060FD}.Release|x86.Build.0 = Release|Any CPU
		{0199F739-2FAF-4A19-BA63-B96351E7B700}.Debug|Any CPU.ActiveCfg = Debug|x86
		{0199F739-2FAF-4A19-BA63-B96351E7B700}.Debug|x86.ActiveCfg = Debug|x86
		{0199F739-2FAF-4A19-BA63-B96351E7B700}.Debug|x86.Build.0 = Debug|x86
		{0199F739-2FAF-4A19-BA63-B96351E7B700}.Release|Any CPU.ActiveCfg = Release|x86
		{0199F739-2FAF-4A19-BA63-B96351E7B700}.Release|x86.ActiveCfg = Release|x86
		{0199F739-2FAF-4A19-BA63-B96351E7B700}.Release|x86.Build.0 = Release|x86
		{62539BAF-A499-4B77-B069-D93F7321D3B3}.Debug|Any CPU.ActiveCfg = Debug|Any CPU
		{62539BAF-A499-4B77-B069-D93F7321D3B3}.Debug|Any CPU.Build.0 = Debug|Any CPU
		{62539BAF-A499-4B77-B069-D93F7321D3B3}.Debug|x86.ActiveCfg = Debug|Any CPU
		{62539BAF-A499-4B77-B069-D93F7321D3B3}.Debug|x86.Build.0 = Debug|Any CPU
		{62539BAF-A499-4B77-B069-D93F7321D3B3}.Release|Any CPU.ActiveCfg = Release|Any CPU
		{62539BAF-A499-4B77-B069-D93F7321D3B3}.Release|Any CPU.Build.0 = Release|Any CPU
		{62539BAF-A499-4B77-B069-D93F7321D3B3}.Release|x86.ActiveCfg = Release|Any CPU
		{62539BAF-A499-4B77-B069-D93F7321D3B3}.Release|x86.Build.0 = Release|Any CPU
		{04B60773-4816-4B24-A1BC-E8909ABEB7BD}.Debug|Any CPU.ActiveCfg = Debug|Any CPU
		{04B60773-4816-4B24-A1BC-E8909ABEB7BD}.Debug|Any CPU.Build.0 = Debug|Any CPU
		{04B60773-4816-4B24-A1BC-E8909ABEB7BD}.Debug|x86.ActiveCfg = Debug|Any CPU
		{04B60773-4816-4B24-A1BC-E8909ABEB7BD}.Debug|x86.Build.0 = Debug|Any CPU
		{04B60773-4816-4B24-A1BC-E8909ABEB7BD}.Release|Any CPU.ActiveCfg = Release|Any CPU
		{04B60773-4816-4B24-A1BC-E8909ABEB7BD}.Release|Any CPU.Build.0 = Release|Any CPU
		{04B60773-4816-4B24-A1BC-E8909ABEB7BD}.Release|x86.ActiveCfg = Release|Any CPU
		{04B60773-4816-4B24-A1BC-E8909ABEB7BD}.Release|x86.Build.0 = Release|Any CPU
	EndGlobalSection
	GlobalSection(SolutionProperties) = preSolution
		HideSolutionNode = FALSE
	EndGlobalSection
EndGlobal
